{
  "pins" : [
    {
      "identity" : "swift-snapshot-testing",
      "kind" : "remoteSourceControl",
      "location" : "https://github.com/pointfreeco/swift-snapshot-testing",
      "state" : {
        "revision" : "28e5de025e3fd98991791bfbf83023ab3708da03",
        "version" : "1.19.6"
      }
    }
  ],
  "version" : 2
}
