{
  "pins" : [
    {
      "identity" : "swift-snapshot-testing",
      "kind" : "remoteSourceControl",
      "location" : "https://github.com/pointfreeco/swift-snapshot-testing",
      "state" : {
        "revision" : "1bc16f430d8410e7f087d4c787767b26fd32fe30",
        "version" : "1.19.3"
      }
    }
  ],
  "version" : 2
}
